
Microsoft Visual Studio Solution File, Format Version 12.00
# Visual Studio 14
VisualStudioVersion = 14.0.23107.0
MinimumVisualStudioVersion = 10.0.40219.1
Project("{FAE04EC0-301F-11D3-BF4B-00C04F79EFBC}") = "StatelessCaptchaWeb", "StatelessCaptchaWeb\StatelessCaptchaWeb.csproj", "{CEF974EB-F265-4240-BB00-CC90C50A8722}"
EndProject
Project("{FAE04EC0-301F-11D3-BF4B-00C04F79EFBC}") = "StatelessCaptcha", "StatelessCaptcha\StatelessCaptcha.csproj", "{7E8197E8-BEEF-4D90-BFFA-07D91C8209BE}"
EndProject
Global
	GlobalSection(SolutionConfigurationPlatforms) = preSolution
		Debug|Any CPU = Debug|Any CPU
		Release|Any CPU = Release|Any CPU
	EndGlobalSection
	GlobalSection(ProjectConfigurationPlatforms) = postSolution
		{CEF974EB-F265-4240-BB00-CC90C50A8722}.Debug|Any CPU.ActiveCfg = Debug|Any CPU
		{CEF974EB-F265-4240-BB00-CC90C50A8722}.Debug|Any CPU.Build.0 = Debug|Any CPU
		{CEF974EB-F265-4240-BB00-CC90C50A8722}.Release|Any CPU.ActiveCfg = Release|Any CPU
		{CEF974EB-F265-4240-BB00-CC90C50A8722}.Release|Any CPU.Build.0 = Release|Any CPU
		{7E8197E8-BEEF-4D90-BFFA-07D91C8209BE}.Debug|Any CPU.ActiveCfg = Debug|Any CPU
		{7E8197E8-BEEF-4D90-BFFA-07D91C8209BE}.Debug|Any CPU.Build.0 = Debug|Any CPU
		{7E8197E8-BEEF-4D90-BFFA-07D91C8209BE}.Release|Any CPU.ActiveCfg = Release|Any CPU
		{7E8197E8-BEEF-4D90-BFFA-07D91C8209BE}.Release|Any CPU.Build.0 = Release|Any CPU
	EndGlobalSection
	GlobalSection(SolutionProperties) = preSolution
		HideSolutionNode = FALSE
	EndGlobalSection
EndGlobal
